
Microsoft Visual Studio Solution File, Format Version 12.00
# Visual Studio Version 17
VisualStudioVersion = 17.7.34221.43
MinimumVisualStudioVersion = 10.0.40219.1
Project("{2150E333-8FDC-42A3-9474-1A3956D46DE8}") = "Task0", "Task0", "{991F9E39-38FC-4D92-9D04-A9612BB09086}"
EndProject
Project("{FAE04EC0-301F-11D3-BF4B-00C04F79EFBC}") = "Tyuiu.MeshcheryakovPV.Sprint5.Task0.V8", "Tyuiu.MeshcheryakovPV.Sprint5.Task0.V8\Tyuiu.MeshcheryakovPV.Sprint5.Task0.V8.csproj", "{5AD08AFE-B179-42BB-B0B5-A955154ED8BD}"
EndProject
Project("{FAE04EC0-301F-11D3-BF4B-00C04F79EFBC}") = "Tyuiu.MeshcheryakovPV.Sprint5.Task0.V8.Lib", "Tyuiu.MeshcheryakovPV.Sprint5.Task0.V8.Lib\Tyuiu.MeshcheryakovPV.Sprint5.Task0.V8.Lib.csproj", "{C3DF65DE-0B14-4CE0-A961-67A9B0E7D88E}"
EndProject
Project("{FAE04EC0-301F-11D3-BF4B-00C04F79EFBC}") = "Tyuiu.MeshcheryakovPV.Sprint5.Task0.V8.Test", "Tyuiu.MeshcheryakovPV.Sprint5.Task0.V8.Test\Tyuiu.MeshcheryakovPV.Sprint5.Task0.V8.Test.csproj", "{EF69CEA8-B02D-44DC-8BAD-EF4448DB4E94}"
EndProject
Project("{2150E333-8FDC-42A3-9474-1A3956D46DE8}") = "Task1", "Task1", "{B23999C2-5C6A-4000-B4C5-DD4A195A8805}"
EndProject
Project("{FAE04EC0-301F-11D3-BF4B-00C04F79EFBC}") = "Tyuiu.MeshcheryakovPV.Sprint5.Task1.V1", "Tyuiu.MeshcheryakovPV.Sprint5.Task1.V1\Tyuiu.MeshcheryakovPV.Sprint5.Task1.V1.csproj", "{BD71A478-F5A7-45DD-94A9-F93EE9C9F6A1}"
EndProject
Project("{FAE04EC0-301F-11D3-BF4B-00C04F79EFBC}") = "Tyuiu.MeshcheryakovPV.Sprint5.Task1.V1.Lib", "Tyuiu.MeshcheryakovPV.Sprint5.Task1.V1.Lib\Tyuiu.MeshcheryakovPV.Sprint5.Task1.V1.Lib.csproj", "{24CE66B9-3707-41EA-A3B7-FEA78AD3D829}"
EndProject
Project("{FAE04EC0-301F-11D3-BF4B-00C04F79EFBC}") = "Tyuiu.MeshcheryakovPV.Sprint5.Task1.V1.Test", "Tyuiu.MeshcheryakovPV.Sprint5.Task1.V1.Test\Tyuiu.MeshcheryakovPV.Sprint5.Task1.V1.Test.csproj", "{1603084A-8C58-4F1A-AC6A-151DE80A0FDA}"
EndProject
Project("{2150E333-8FDC-42A3-9474-1A3956D46DE8}") = "Task2", "Task2", "{BDD85722-2666-41DB-8BC1-BD0CDA9D8882}"
EndProject
Project("{FAE04EC0-301F-11D3-BF4B-00C04F79EFBC}") = "Tyuiu.MeshcheryakovPV.Sprint5.Task2.V25", "Tyuiu.MeshcheryakovPV.Sprint5.Task2.V25\Tyuiu.MeshcheryakovPV.Sprint5.Task2.V25.csproj", "{88614E21-244F-4DE1-B12C-B06B70774545}"
EndProject
Project("{FAE04EC0-301F-11D3-BF4B-00C04F79EFBC}") = "Tyuiu.MeshcheryakovPV.Sprint5.Task2.V25.Lib", "Tyuiu.MeshcheryakovPV.Sprint5.Task2.V25.Lib\Tyuiu.MeshcheryakovPV.Sprint5.Task2.V25.Lib.csproj", "{123E59A4-613A-4F3E-A7E1-B489E05DAC6F}"
EndProject
Project("{FAE04EC0-301F-11D3-BF4B-00C04F79EFBC}") = "Tyuiu.MeshcheryakovPV.Sprint5.Task2.V25.Test", "Tyuiu.MeshcheryakovPV.Sprint5.Task2.V25.Test\Tyuiu.MeshcheryakovPV.Sprint5.Task2.V25.Test.csproj", "{7D4CB292-5E79-4288-BD32-8AFE7C5A7D15}"
EndProject
Project("{2150E333-8FDC-42A3-9474-1A3956D46DE8}") = "Task3", "Task3", "{5EDBDBEF-81CA-4F39-9AE6-A64584E33FA0}"
EndProject
Project("{FAE04EC0-301F-11D3-BF4B-00C04F79EFBC}") = "Tyuiu.MeshcheryakovPV.Sprint5.Task3.V8", "Tyuiu.MeshcheryakovPV.Sprint5.Task3.V8\Tyuiu.MeshcheryakovPV.Sprint5.Task3.V8.csproj", "{A7B0E3BE-6BE0-4AE0-A8E4-3F4C8BE606E4}"
EndProject
Project("{FAE04EC0-301F-11D3-BF4B-00C04F79EFBC}") = "Tyuiu.MeshcheryakovPV.Sprint5.Task3.V8.Lib", "Tyuiu.MeshcheryakovPV.Sprint5.Task3.V8.Lib\Tyuiu.MeshcheryakovPV.Sprint5.Task3.V8.Lib.csproj", "{4F89186E-2A98-4713-BCCE-7E268BCB3463}"
EndProject
Project("{FAE04EC0-301F-11D3-BF4B-00C04F79EFBC}") = "Tyuiu.MeshcheryakovPV.Sprint5.Task3.V8.Test", "Tyuiu.MeshcheryakovPV.Sprint5.Task3.V8.Test\Tyuiu.MeshcheryakovPV.Sprint5.Task3.V8.Test.csproj", "{F59A3B02-6DE8-42C2-985B-CF874B157127}"
EndProject
Project("{2150E333-8FDC-42A3-9474-1A3956D46DE8}") = "Task4", "Task4", "{1A16C98F-5384-4427-B17A-203B0DBAC638}"
EndProject
Project("{FAE04EC0-301F-11D3-BF4B-00C04F79EFBC}") = "Tyuiu.MeshcheryakovPV.Sprint5.Task4.V7", "Tyuiu.MeshcheryakovPV.Sprint5.Task4.V7\Tyuiu.MeshcheryakovPV.Sprint5.Task4.V7.csproj", "{10DAF114-9264-4436-AB70-FB003E7FF9F8}"
EndProject
Project("{FAE04EC0-301F-11D3-BF4B-00C04F79EFBC}") = "Tyuiu.MeshcheryakovPV.Sprint5.Task4.V7.Lib", "Tyuiu.MeshcheryakovPV.Sprint5.Task4.V7.Lib\Tyuiu.MeshcheryakovPV.Sprint5.Task4.V7.Lib.csproj", "{2971E84A-8B23-4A4F-A7EF-8ED382285626}"
EndProject
Project("{FAE04EC0-301F-11D3-BF4B-00C04F79EFBC}") = "Tyuiu.MeshcheryakovPV.Sprint5.Task4.V7.Test", "Tyuiu.MeshcheryakovPV.Sprint5.Task4.V7.Test\Tyuiu.MeshcheryakovPV.Sprint5.Task4.V7.Test.csproj", "{EDA540B7-A327-4DD5-A8D6-84E03FE09E37}"
EndProject
Project("{2150E333-8FDC-42A3-9474-1A3956D46DE8}") = "Task5", "Task5", "{AB052947-C774-4774-BB4C-8F18325ADB56}"
EndProject
Project("{FAE04EC0-301F-11D3-BF4B-00C04F79EFBC}") = "Tyuiu.MeshcheryakovPV.Sprint5.Task5.V15", "Tyuiu.MeshcheryakovPV.Sprint5.Task5.V15\Tyuiu.MeshcheryakovPV.Sprint5.Task5.V15.csproj", "{91084600-9B21-45EC-9FF2-4D5DF91A8254}"
EndProject
Project("{FAE04EC0-301F-11D3-BF4B-00C04F79EFBC}") = "Tyuiu.MeshcheryakovPV.Sprint5.Task5.V15.Lib", "Tyuiu.MeshcheryakovPV.Sprint5.Task5.V15.Lib\Tyuiu.MeshcheryakovPV.Sprint5.Task5.V15.Lib.csproj", "{42580392-94CD-4161-AA0E-3BCFDDE0FF04}"
EndProject
Project("{FAE04EC0-301F-11D3-BF4B-00C04F79EFBC}") = "Tyuiu.MeshcheryakovPV.Sprint5.Task5.V15.Test", "Tyuiu.MeshcheryakovPV.Sprint5.Task5.V15.Test\Tyuiu.MeshcheryakovPV.Sprint5.Task5.V15.Test.csproj", "{9F7B5A56-9C55-4C1B-B241-2C8087ABA195}"
EndProject
Project("{2150E333-8FDC-42A3-9474-1A3956D46DE8}") = "Task6", "Task6", "{E7986110-BE32-46A5-9FE2-E800717343A8}"
EndProject
Project("{FAE04EC0-301F-11D3-BF4B-00C04F79EFBC}") = "Tyuiu.MeshcheryakovPV.Sprint5.Task6.V5", "Tyuiu.MeshcheryakovPV.Sprint5.Task6.V5\Tyuiu.MeshcheryakovPV.Sprint5.Task6.V5.csproj", "{EC4F438B-36B7-4F4E-BE7E-B6975BF0735A}"
EndProject
Project("{FAE04EC0-301F-11D3-BF4B-00C04F79EFBC}") = "Tyuiu.MeshcheryakovPV.Sprint5.Task6.V5.Lib", "Tyuiu.MeshcheryakovPV.Sprint5.Task6.V5.Lib\Tyuiu.MeshcheryakovPV.Sprint5.Task6.V5.Lib.csproj", "{4E12DBAF-5BAF-4D48-AADE-590579283FB9}"
EndProject
Project("{FAE04EC0-301F-11D3-BF4B-00C04F79EFBC}") = "Tyuiu.MeshcheryakovPV.Sprint5.Task6.V5.Test", "Tyuiu.MeshcheryakovPV.Sprint5.Task6.V5.Test\Tyuiu.MeshcheryakovPV.Sprint5.Task6.V5.Test.csproj", "{9133F76F-6FFA-4270-93A8-1A5253210DD9}"
EndProject
Project("{2150E333-8FDC-42A3-9474-1A3956D46DE8}") = "Task7", "Task7", "{9710C3E3-D582-4EBB-B737-A460BA8E8E5B}"
EndProject
Project("{FAE04EC0-301F-11D3-BF4B-00C04F79EFBC}") = "Tyuiu.MeshcheryakovPV.Sprint5.Task7.V3", "Tyuiu.MeshcheryakovPV.Sprint5.Task7.V3\Tyuiu.MeshcheryakovPV.Sprint5.Task7.V3.csproj", "{6FD00257-3046-4FBA-B1C0-44B68DF7C7E5}"
EndProject
Project("{FAE04EC0-301F-11D3-BF4B-00C04F79EFBC}") = "Tyuiu.MeshcheryakovPV.Sprint5.Task7.V3.Lib", "Tyuiu.MeshcheryakovPV.Sprint5.Task7.V3.Lib\Tyuiu.MeshcheryakovPV.Sprint5.Task7.V3.Lib.csproj", "{CCF4CE31-0F35-48B1-A99F-F4210B53313E}"
EndProject
Project("{FAE04EC0-301F-11D3-BF4B-00C04F79EFBC}") = "Tyuiu.MeshcheryakovPV.Sprint5.Task7.V3.Test", "Tyuiu.MeshcheryakovPV.Sprint5.Task7.V3.Test\Tyuiu.MeshcheryakovPV.Sprint5.Task7.V3.Test.csproj", "{894D14AB-23D1-49F2-9104-5C648D3C5106}"
EndProject
Global
	GlobalSection(SolutionConfigurationPlatforms) = preSolution
		Debug|Any CPU = Debug|Any CPU
		Release|Any CPU = Release|Any CPU
	EndGlobalSection
	GlobalSection(ProjectConfigurationPlatforms) = postSolution
		{5AD08AFE-B179-42BB-B0B5-A955154ED8BD}.Debug|Any CPU.ActiveCfg = Debug|Any CPU
		{5AD08AFE-B179-42BB-B0B5-A955154ED8BD}.Debug|Any CPU.Build.0 = Debug|Any CPU
		{5AD08AFE-B179-42BB-B0B5-A955154ED8BD}.Release|Any CPU.ActiveCfg = Release|Any CPU
		{5AD08AFE-B179-42BB-B0B5-A955154ED8BD}.Release|Any CPU.Build.0 = Release|Any CPU
		{C3DF65DE-0B14-4CE0-A961-67A9B0E7D88E}.Debug|Any CPU.ActiveCfg = Debug|Any CPU
		{C3DF65DE-0B14-4CE0-A961-67A9B0E7D88E}.Debug|Any CPU.Build.0 = Debug|Any CPU
		{C3DF65DE-0B14-4CE0-A961-67A9B0E7D88E}.Release|Any CPU.ActiveCfg = Release|Any CPU
		{C3DF65DE-0B14-4CE0-A961-67A9B0E7D88E}.Release|Any CPU.Build.0 = Release|Any CPU
		{EF69CEA8-B02D-44DC-8BAD-EF4448DB4E94}.Debug|Any CPU.ActiveCfg = Debug|Any CPU
		{EF69CEA8-B02D-44DC-8BAD-EF4448DB4E94}.Debug|Any CPU.Build.0 = Debug|Any CPU
		{EF69CEA8-B02D-44DC-8BAD-EF4448DB4E94}.Release|Any CPU.ActiveCfg = Release|Any CPU
		{EF69CEA8-B02D-44DC-8BAD-EF4448DB4E94}.Release|Any CPU.Build.0 = Release|Any CPU
		{BD71A478-F5A7-45DD-94A9-F93EE9C9F6A1}.Debug|Any CPU.ActiveCfg = Debug|Any CPU
		{BD71A478-F5A7-45DD-94A9-F93EE9C9F6A1}.Debug|Any CPU.Build.0 = Debug|Any CPU
		{BD71A478-F5A7-45DD-94A9-F93EE9C9F6A1}.Release|Any CPU.ActiveCfg = Release|Any CPU
		{BD71A478-F5A7-45DD-94A9-F93EE9C9F6A1}.Release|Any CPU.Build.0 = Release|Any CPU
		{24CE66B9-3707-41EA-A3B7-FEA78AD3D829}.Debug|Any CPU.ActiveCfg = Debug|Any CPU
		{24CE66B9-3707-41EA-A3B7-FEA78AD3D829}.Debug|Any CPU.Build.0 = Debug|Any CPU
		{24CE66B9-3707-41EA-A3B7-FEA78AD3D829}.Release|Any CPU.ActiveCfg = Release|Any CPU
		{24CE66B9-3707-41EA-A3B7-FEA78AD3D829}.Release|Any CPU.Build.0 = Release|Any CPU
		{1603084A-8C58-4F1A-AC6A-151DE80A0FDA}.Debug|Any CPU.ActiveCfg = Debug|Any CPU
		{1603084A-8C58-4F1A-AC6A-151DE80A0FDA}.Debug|Any CPU.Build.0 = Debug|Any CPU
		{1603084A-8C58-4F1A-AC6A-151DE80A0FDA}.Release|Any CPU.ActiveCfg = Release|Any CPU
		{1603084A-8C58-4F1A-AC6A-151DE80A0FDA}.Release|Any CPU.Build.0 = Release|Any CPU
		{88614E21-244F-4DE1-B12C-B06B70774545}.Debug|Any CPU.ActiveCfg = Debug|Any CPU
		{88614E21-244F-4DE1-B12C-B06B70774545}.Debug|Any CPU.Build.0 = Debug|Any CPU
		{88614E21-244F-4DE1-B12C-B06B70774545}.Release|Any CPU.ActiveCfg = Release|Any CPU
		{88614E21-244F-4DE1-B12C-B06B70774545}.Release|Any CPU.Build.0 = Release|Any CPU
		{123E59A4-613A-4F3E-A7E1-B489E05DAC6F}.Debug|Any CPU.ActiveCfg = Debug|Any CPU
		{123E59A4-613A-4F3E-A7E1-B489E05DAC6F}.Debug|Any CPU.Build.0 = Debug|Any CPU
		{123E59A4-613A-4F3E-A7E1-B489E05DAC6F}.Release|Any CPU.ActiveCfg = Release|Any CPU
		{123E59A4-613A-4F3E-A7E1-B489E05DAC6F}.Release|Any CPU.Build.0 = Release|Any CPU
		{7D4CB292-5E79-4288-BD32-8AFE7C5A7D15}.Debug|Any CPU.ActiveCfg = Debug|Any CPU
		{7D4CB292-5E79-4288-BD32-8AFE7C5A7D15}.Debug|Any CPU.Build.0 = Debug|Any CPU
		{7D4CB292-5E79-4288-BD32-8AFE7C5A7D15}.Release|Any CPU.ActiveCfg = Release|Any CPU
		{7D4CB292-5E79-4288-BD32-8AFE7C5A7D15}.Release|Any CPU.Build.0 = Release|Any CPU
		{A7B0E3BE-6BE0-4AE0-A8E4-3F4C8BE606E4}.Debug|Any CPU.ActiveCfg = Debug|Any CPU
		{A7B0E3BE-6BE0-4AE0-A8E4-3F4C8BE606E4}.Debug|Any CPU.Build.0 = Debug|Any CPU
		{A7B0E3BE-6BE0-4AE0-A8E4-3F4C8BE606E4}.Release|Any CPU.ActiveCfg = Release|Any CPU
		{A7B0E3BE-6BE0-4AE0-A8E4-3F4C8BE606E4}.Release|Any CPU.Build.0 = Release|Any CPU
		{4F89186E-2A98-4713-BCCE-7E268BCB3463}.Debug|Any CPU.ActiveCfg = Debug|Any CPU
		{4F89186E-2A98-4713-BCCE-7E268BCB3463}.Debug|Any CPU.Build.0 = Debug|Any CPU
		{4F89186E-2A98-4713-BCCE-7E268BCB3463}.Release|Any CPU.ActiveCfg = Release|Any CPU
		{4F89186E-2A98-4713-BCCE-7E268BCB3463}.Release|Any CPU.Build.0 = Release|Any CPU
		{F59A3B02-6DE8-42C2-985B-CF874B157127}.Debug|Any CPU.ActiveCfg = Debug|Any CPU
		{F59A3B02-6DE8-42C2-985B-CF874B157127}.Debug|Any CPU.Build.0 = Debug|Any CPU
		{F59A3B02-6DE8-42C2-985B-CF874B157127}.Release|Any CPU.ActiveCfg = Release|Any CPU
		{F59A3B02-6DE8-42C2-985B-CF874B157127}.Release|Any CPU.Build.0 = Release|Any CPU
		{10DAF114-9264-4436-AB70-FB003E7FF9F8}.Debug|Any CPU.ActiveCfg = Debug|Any CPU
		{10DAF114-9264-4436-AB70-FB003E7FF9F8}.Debug|Any CPU.Build.0 = Debug|Any CPU
		{10DAF114-9264-4436-AB70-FB003E7FF9F8}.Release|Any CPU.ActiveCfg = Release|Any CPU
		{10DAF114-9264-4436-AB70-FB003E7FF9F8}.Release|Any CPU.Build.0 = Release|Any CPU
		{2971E84A-8B23-4A4F-A7EF-8ED382285626}.Debug|Any CPU.ActiveCfg = Debug|Any CPU
		{2971E84A-8B23-4A4F-A7EF-8ED382285626}.Debug|Any CPU.Build.0 = Debug|Any CPU
		{2971E84A-8B23-4A4F-A7EF-8ED382285626}.Release|Any CPU.ActiveCfg = Release|Any CPU
		{2971E84A-8B23-4A4F-A7EF-8ED382285626}.Release|Any CPU.Build.0 = Release|Any CPU
		{EDA540B7-A327-4DD5-A8D6-84E03FE09E37}.Debug|Any CPU.ActiveCfg = Debug|Any CPU
		{EDA540B7-A327-4DD5-A8D6-84E03FE09E37}.Debug|Any CPU.Build.0 = Debug|Any CPU
		{EDA540B7-A327-4DD5-A8D6-84E03FE09E37}.Release|Any CPU.ActiveCfg = Release|Any CPU
		{EDA540B7-A327-4DD5-A8D6-84E03FE09E37}.Release|Any CPU.Build.0 = Release|Any CPU
		{91084600-9B21-45EC-9FF2-4D5DF91A8254}.Debug|Any CPU.ActiveCfg = Debug|Any CPU
		{91084600-9B21-45EC-9FF2-4D5DF91A8254}.Debug|Any CPU.Build.0 = Debug|Any CPU
		{91084600-9B21-45EC-9FF2-4D5DF91A8254}.Release|Any CPU.ActiveCfg = Release|Any CPU
		{91084600-9B21-45EC-9FF2-4D5DF91A8254}.Release|Any CPU.Build.0 = Release|Any CPU
		{42580392-94CD-4161-AA0E-3BCFDDE0FF04}.Debug|Any CPU.ActiveCfg = Debug|Any CPU
		{42580392-94CD-4161-AA0E-3BCFDDE0FF04}.Debug|Any CPU.Build.0 = Debug|Any CPU
		{42580392-94CD-4161-AA0E-3BCFDDE0FF04}.Release|Any CPU.ActiveCfg = Release|Any CPU
		{42580392-94CD-4161-AA0E-3BCFDDE0FF04}.Release|Any CPU.Build.0 = Release|Any CPU
		{9F7B5A56-9C55-4C1B-B241-2C8087ABA195}.Debug|Any CPU.ActiveCfg = Debug|Any CPU
		{9F7B5A56-9C55-4C1B-B241-2C8087ABA195}.Debug|Any CPU.Build.0 = Debug|Any CPU
		{9F7B5A56-9C55-4C1B-B241-2C8087ABA195}.Release|Any CPU.ActiveCfg = Release|Any CPU
		{9F7B5A56-9C55-4C1B-B241-2C8087ABA195}.Release|Any CPU.Build.0 = Release|Any CPU
		{EC4F438B-36B7-4F4E-BE7E-B6975BF0735A}.Debug|Any CPU.ActiveCfg = Debug|Any CPU
		{EC4F438B-36B7-4F4E-BE7E-B6975BF0735A}.Debug|Any CPU.Build.0 = Debug|Any CPU
		{EC4F438B-36B7-4F4E-BE7E-B6975BF0735A}.Release|Any CPU.ActiveCfg = Release|Any CPU
		{EC4F438B-36B7-4F4E-BE7E-B6975BF0735A}.Release|Any CPU.Build.0 = Release|Any CPU
		{4E12DBAF-5BAF-4D48-AADE-590579283FB9}.Debug|Any CPU.ActiveCfg = Debug|Any CPU
		{4E12DBAF-5BAF-4D48-AADE-590579283FB9}.Debug|Any CPU.Build.0 = Debug|Any CPU
		{4E12DBAF-5BAF-4D48-AADE-590579283FB9}.Release|Any CPU.ActiveCfg = Release|Any CPU
		{4E12DBAF-5BAF-4D48-AADE-590579283FB9}.Release|Any CPU.Build.0 = Release|Any CPU
		{9133F76F-6FFA-4270-93A8-1A5253210DD9}.Debug|Any CPU.ActiveCfg = Debug|Any CPU
		{9133F76F-6FFA-4270-93A8-1A5253210DD9}.Debug|Any CPU.Build.0 = Debug|Any CPU
		{9133F76F-6FFA-4270-93A8-1A5253210DD9}.Release|Any CPU.ActiveCfg = Release|Any CPU
		{9133F76F-6FFA-4270-93A8-1A5253210DD9}.Release|Any CPU.Build.0 = Release|Any CPU
		{6FD00257-3046-4FBA-B1C0-44B68DF7C7E5}.Debug|Any CPU.ActiveCfg = Debug|Any CPU
		{6FD00257-3046-4FBA-B1C0-44B68DF7C7E5}.Debug|Any CPU.Build.0 = Debug|Any CPU
		{6FD00257-3046-4FBA-B1C0-44B68DF7C7E5}.Release|Any CPU.ActiveCfg = Release|Any CPU
		{6FD00257-3046-4FBA-B1C0-44B68DF7C7E5}.Release|Any CPU.Build.0 = Release|Any CPU
		{CCF4CE31-0F35-48B1-A99F-F4210B53313E}.Debug|Any CPU.ActiveCfg = Debug|Any CPU
		{CCF4CE31-0F35-48B1-A99F-F4210B53313E}.Debug|Any CPU.Build.0 = Debug|Any CPU
		{CCF4CE31-0F35-48B1-A99F-F4210B53313E}.Release|Any CPU.ActiveCfg = Release|Any CPU
		{CCF4CE31-0F35-48B1-A99F-F4210B53313E}.Release|Any CPU.Build.0 = Release|Any CPU
		{894D14AB-23D1-49F2-9104-5C648D3C5106}.Debug|Any CPU.ActiveCfg = Debug|Any CPU
		{894D14AB-23D1-49F2-9104-5C648D3C5106}.Debug|Any CPU.Build.0 = Debug|Any CPU
		{894D14AB-23D1-49F2-9104-5C648D3C5106}.Release|Any CPU.ActiveCfg = Release|Any CPU
		{894D14AB-23D1-49F2-9104-5C648D3C5106}.Release|Any CPU.Build.0 = Release|Any CPU
	EndGlobalSection
	GlobalSection(SolutionProperties) = preSolution
		HideSolutionNode = FALSE
	EndGlobalSection
	GlobalSection(NestedProjects) = preSolution
		{5AD08AFE-B179-42BB-B0B5-A955154ED8BD} = {991F9E39-38FC-4D92-9D04-A9612BB09086}
		{C3DF65DE-0B14-4CE0-A961-67A9B0E7D88E} = {991F9E39-38FC-4D92-9D04-A9612BB09086}
		{EF69CEA8-B02D-44DC-8BAD-EF4448DB4E94} = {991F9E39-38FC-4D92-9D04-A9612BB09086}
		{BD71A478-F5A7-45DD-94A9-F93EE9C9F6A1} = {B23999C2-5C6A-4000-B4C5-DD4A195A8805}
		{24CE66B9-3707-41EA-A3B7-FEA78AD3D829} = {B23999C2-5C6A-4000-B4C5-DD4A195A8805}
		{1603084A-8C58-4F1A-AC6A-151DE80A0FDA} = {B23999C2-5C6A-4000-B4C5-DD4A195A8805}
		{88614E21-244F-4DE1-B12C-B06B70774545} = {BDD85722-2666-41DB-8BC1-BD0CDA9D8882}
		{123E59A4-613A-4F3E-A7E1-B489E05DAC6F} = {BDD85722-2666-41DB-8BC1-BD0CDA9D8882}
		{7D4CB292-5E79-4288-BD32-8AFE7C5A7D15} = {BDD85722-2666-41DB-8BC1-BD0CDA9D8882}
		{A7B0E3BE-6BE0-4AE0-A8E4-3F4C8BE606E4} = {5EDBDBEF-81CA-4F39-9AE6-A64584E33FA0}
		{4F89186E-2A98-4713-BCCE-7E268BCB3463} = {5EDBDBEF-81CA-4F39-9AE6-A64584E33FA0}
		{F59A3B02-6DE8-42C2-985B-CF874B157127} = {5EDBDBEF-81CA-4F39-9AE6-A64584E33FA0}
		{10DAF114-9264-4436-AB70-FB003E7FF9F8} = {1A16C98F-5384-4427-B17A-203B0DBAC638}
		{2971E84A-8B23-4A4F-A7EF-8ED382285626} = {1A16C98F-5384-4427-B17A-203B0DBAC638}
		{EDA540B7-A327-4DD5-A8D6-84E03FE09E37} = {1A16C98F-5384-4427-B17A-203B0DBAC638}
		{91084600-9B21-45EC-9FF2-4D5DF91A8254} = {AB052947-C774-4774-BB4C-8F18325ADB56}
		{42580392-94CD-4161-AA0E-3BCFDDE0FF04} = {AB052947-C774-4774-BB4C-8F18325ADB56}
		{9F7B5A56-9C55-4C1B-B241-2C8087ABA195} = {AB052947-C774-4774-BB4C-8F18325ADB56}
		{EC4F438B-36B7-4F4E-BE7E-B6975BF0735A} = {E7986110-BE32-46A5-9FE2-E800717343A8}
		{4E12DBAF-5BAF-4D48-AADE-590579283FB9} = {E7986110-BE32-46A5-9FE2-E800717343A8}
		{9133F76F-6FFA-4270-93A8-1A5253210DD9} = {E7986110-BE32-46A5-9FE2-E800717343A8}
		{6FD00257-3046-4FBA-B1C0-44B68DF7C7E5} = {9710C3E3-D582-4EBB-B737-A460BA8E8E5B}
		{CCF4CE31-0F35-48B1-A99F-F4210B53313E} = {9710C3E3-D582-4EBB-B737-A460BA8E8E5B}
		{894D14AB-23D1-49F2-9104-5C648D3C5106} = {9710C3E3-D582-4EBB-B737-A460BA8E8E5B}
	EndGlobalSection
	GlobalSection(ExtensibilityGlobals) = postSolution
		SolutionGuid = {6B475C1D-BAA7-4B73-AAF8-FF901EA56E94}
	EndGlobalSection
EndGlobal
